
Microsoft Visual Studio Solution File, Format Version 12.00
# Visual Studio Version 17
VisualStudioVersion = 17.9.34728.123
MinimumVisualStudioVersion = 10.0.40219.1
Project("{FAE04EC0-301F-11D3-BF4B-00C04F79EFBC}") = "Zadanie3", "Zadanie3\Zadanie3.csproj", "{B4289544-0284-41FD-B2FC-659D985CAFF0}"
EndProject
Global
	GlobalSection(SolutionConfigurationPlatforms) = preSolution
		Debug|Any CPU = Debug|Any CPU
		Release|Any CPU = Release|Any CPU
	EndGlobalSection
	GlobalSection(ProjectConfigurationPlatforms) = postSolution
		{B4289544-0284-41FD-B2FC-659D985CAFF0}.Debug|Any CPU.ActiveCfg = Debug|Any CPU
		{B4289544-0284-41FD-B2FC-659D985CAFF0}.Debug|Any CPU.Build.0 = Debug|Any CPU
		{B4289544-0284-41FD-B2FC-659D985CAFF0}.Release|Any CPU.ActiveCfg = Release|Any CPU
		{B4289544-0284-41FD-B2FC-659D985CAFF0}.Release|Any CPU.Build.0 = Release|Any CPU
	EndGlobalSection
	GlobalSection(SolutionProperties) = preSolution
		HideSolutionNode = FALSE
	EndGlobalSection
	GlobalSection(ExtensibilityGlobals) = postSolution
		SolutionGuid = {357219C6-E65B-4DB1-A400-BE579EA8E928}
	EndGlobalSection
EndGlobal
